// !$*UTF8*$!
{
	archiveVersion = 1;
	classes = {
	};
	objectVersion = 46;
	objects = {

/* Begin PBXBuildFile section */
		10C9590D1C6DAB5500EFAF7A /* main.m in Sources */ = {isa = PBXBuildFile; fileRef = 10C9590C1C6DAB5500EFAF7A /* main.m */; };
		10C959101C6DAB5500EFAF7A /* AppDelegate.m in Sources */ = {isa = PBXBuildFile; fileRef = 10C9590F1C6DAB5500EFAF7A /* AppDelegate.m */; };
		10C959131C6DAB5500EFAF7A /* ViewController.m in Sources */ = {isa = PBXBuildFile; fileRef = 10C959121C6DAB5500EFAF7A /* ViewController.m */; };
		10C959161C6DAB5500EFAF7A /* Main.storyboard in Resources */ = {isa = PBXBuildFile; fileRef = 10C959141C6DAB5500EFAF7A /* Main.storyboard */; };
		10C959181C6DAB5500EFAF7A /* Assets.xcassets in Resources */ = {isa = PBXBuildFile; fileRef = 10C959171C6DAB5500EFAF7A /* Assets.xcassets */; };
		10C9591B1C6DAB5500EFAF7A /* LaunchScreen.storyboard in Resources */ = {isa = PBXBuildFile; fileRef = 10C959191C6DAB5500EFAF7A /* LaunchScreen.storyboard */; };
		10C959241C6DAB6900EFAF7A /* AVCoachmarkView.m in Sources */ = {isa = PBXBuildFile; fileRef = 10C959231C6DAB6900EFAF7A /* AVCoachmarkView.m */; };
		10C959261C6DAD9A00EFAF7A /* coachImage.png in Resources */ = {isa = PBXBuildFile; fileRef = 10C959251C6DAD9A00EFAF7A /* coachImage.png */; };
/* End PBXBuildFile section */

/* Begin PBXFileReference section */
		10C959081C6DAB5400EFAF7A /* CoachMarkDemo.app */ = {isa = PBXFileReference; explicitFileType = wrapper.application; includeInIndex = 0; path = CoachMarkDemo.app; sourceTree = BUILT_PRODUCTS_DIR; };
		10C9590C1C6DAB5500EFAF7A /* main.m */ = {isa = PBXFileReference; lastKnownFileType = sourcecode.c.objc; path = main.m; sourceTree = "<group>"; };
		10C9590E1C6DAB5500EFAF7A /* AppDelegate.h */ = {isa = PBXFileReference; lastKnownFileType = sourcecode.c.h; path = AppDelegate.h; sourceTree = "<group>"; };
		10C9590F1C6DAB5500EFAF7A /* AppDelegate.m */ = {isa = PBXFileReference; lastKnownFileType = sourcecode.c.objc; path = AppDelegate.m; sourceTree = "<group>"; };
		10C959111C6DAB5500EFAF7A /* ViewController.h */ = {isa = PBXFileReference; lastKnownFileType = sourcecode.c.h; path = ViewController.h; sourceTree = "<group>"; };
		10C959121C6DAB5500EFAF7A /* ViewController.m */ = {isa = PBXFileReference; lastKnownFileType = sourcecode.c.objc; path = ViewController.m; sourceTree = "<group>"; };
		10C959151C6DAB5500EFAF7A /* Base */ = {isa = PBXFileReference; lastKnownFileType = file.storyboard; name = Base; path = Base.lproj/Main.storyboard; sourceTree = "<group>"; };
		10C959171C6DAB5500EFAF7A /* Assets.xcassets */ = {isa = PBXFileReference; lastKnownFileType = folder.assetcatalog; path = Assets.xcassets; sourceTree = "<group>"; };
		10C9591A1C6DAB5500EFAF7A /* Base */ = {isa = PBXFileReference; lastKnownFileType = file.storyboard; name = Base; path = Base.lproj/LaunchScreen.storyboard; sourceTree = "<group>"; };
		10C9591C1C6DAB5500EFAF7A /* Info.plist */ = {isa = PBXFileReference; lastKnownFileType = text.plist.xml; path = Info.plist; sourceTree = "<group>"; };
		10C959221C6DAB6900EFAF7A /* AVCoachmarkView.h */ = {isa = PBXFileReference; fileEncoding = 4; lastKnownFileType = sourcecode.c.h; path = AVCoachmarkView.h; sourceTree = "<group>"; };
		10C959231C6DAB6900EFAF7A /* AVCoachmarkView.m */ = {isa = PBXFileReference; fileEncoding = 4; lastKnownFileType = sourcecode.c.objc; path = AVCoachmarkView.m; sourceTree = "<group>"; };
		10C959251C6DAD9A00EFAF7A /* coachImage.png */ = {isa = PBXFileReference; lastKnownFileType = image.png; path = coachImage.png; sourceTree = "<group>"; };
/* End PBXFileReference section */

/* Begin PBXFrameworksBuildPhase section */
		10C959051C6DAB5400EFAF7A /* Frameworks */ = {
			isa = PBXFrameworksBuildPhase;
			buildActionMask = 2147483647;
			files = (
			);
			runOnlyForDeploymentPostprocessing = 0;
		};
/* End PBXFrameworksBuildPhase section */

/* Begin PBXGroup section */
		10C958FF1C6DAB5400EFAF7A = {
			isa = PBXGroup;
			children = (
				10C9590A1C6DAB5500EFAF7A /* CoachMarkDemo */,
				10C959091C6DAB5400EFAF7A /* Products */,
			);
			sourceTree = "<group>";
		};
		10C959091C6DAB5400EFAF7A /* Products */ = {
			isa = PBXGroup;
			children = (
				10C959081C6DAB5400EFAF7A /* CoachMarkDemo.app */,
			);
			name = Products;
			sourceTree = "<group>";
		};
		10C9590A1C6DAB5500EFAF7A /* CoachMarkDemo */ = {
			isa = PBXGroup;
			children = (
				10C9590E1C6DAB5500EFAF7A /* AppDelegate.h */,
				10C9590F1C6DAB5500EFAF7A /* AppDelegate.m */,
				10C959111C6DAB5500EFAF7A /* ViewController.h */,
				10C959121C6DAB5500EFAF7A /* ViewController.m */,
				10C959141C6DAB5500EFAF7A /* Main.storyboard */,
				10C959221C6DAB6900EFAF7A /* AVCoachmarkView.h */,
				10C959231C6DAB6900EFAF7A /* AVCoachmarkView.m */,
				10C959251C6DAD9A00EFAF7A /* coachImage.png */,
				10C959171C6DAB5500EFAF7A /* Assets.xcassets */,
				10C959191C6DAB5500EFAF7A /* LaunchScreen.storyboard */,
				10C9591C1C6DAB5500EFAF7A /* Info.plist */,
				10C9590B1C6DAB5500EFAF7A /* Supporting Files */,
			);
			path = CoachMarkDemo;
			sourceTree = "<group>";
		};
		10C9590B1C6DAB5500EFAF7A /* Supporting Files */ = {
			isa = PBXGroup;
			children = (
				10C9590C1C6DAB5500EFAF7A /* main.m */,
			);
			name = "Supporting Files";
			sourceTree = "<group>";
		};
/* End PBXGroup section */

/* Begin PBXNativeTarget section */
		10C959071C6DAB5400EFAF7A /* CoachMarkDemo */ = {
			isa = PBXNativeTarget;
			buildConfigurationList = 10C9591F1C6DAB5500EFAF7A /* Build configuration list for PBXNativeTarget "CoachMarkDemo" */;
			buildPhases = (
				10C959041C6DAB5400EFAF7A /* Sources */,
				10C959051C6DAB5400EFAF7A /* Frameworks */,
				10C959061C6DAB5400EFAF7A /* Resources */,
			);
			buildRules = (
			);
			dependencies = (
			);
			name = CoachMarkDemo;
			productName = CoachMarkDemo;
			productReference = 10C959081C6DAB5400EFAF7A /* CoachMarkDemo.app */;
			productType = "com.apple.product-type.application";
		};
/* End PBXNativeTarget section */

/* Begin PBXProject section */
		10C959001C6DAB5400EFAF7A /* Project object */ = {
			isa = PBXProject;
			attributes = {
				LastUpgradeCheck = 0720;
				ORGANIZATIONNAME = "Arpit Vishwakarma";
				TargetAttributes = {
					10C959071C6DAB5400EFAF7A = {
						CreatedOnToolsVersion = 7.2;
					};
				};
			};
			buildConfigurationList = 10C959031C6DAB5400EFAF7A /* Build configuration list for PBXProject "CoachMarkDemo" */;
			compatibilityVersion = "Xcode 3.2";
			developmentRegion = English;
			hasScannedForEncodings = 0;
			knownRegions = (
				en,
				Base,
			);
			mainGroup = 10C958FF1C6DAB5400EFAF7A;
			productRefGroup = 10C959091C6DAB5400EFAF7A /* Products */;
			projectDirPath = "";
			projectRoot = "";
			targets = (
				10C959071C6DAB5400EFAF7A /* CoachMarkDemo */,
			);
		};
/* End PBXProject section */

/* Begin PBXResourcesBuildPhase section */
		10C959061C6DAB5400EFAF7A /* Resources */ = {
			isa = PBXResourcesBuildPhase;
			buildActionMask = 2147483647;
			files = (
				10C9591B1C6DAB5500EFAF7A /* LaunchScreen.storyboard in Resources */,
				10C959181C6DAB5500EFAF7A /* Assets.xcassets in Resources */,
				10C959261C6DAD9A00EFAF7A /* coachImage.png in Resources */,
				10C959161C6DAB5500EFAF7A /* Main.storyboard in Resources */,
			);
			runOnlyForDeploymentPostprocessing = 0;
		};
/* End PBXResourcesBuildPhase section */

/* Begin PBXSourcesBuildPhase section */
		10C959041C6DAB5400EFAF7A /* Sources */ = {
			isa = PBXSourcesBuildPhase;
			buildActionMask = 2147483647;
			files = (
				10C959131C6DAB5500EFAF7A /* ViewController.m in Sources */,
				10C959101C6DAB5500EFAF7A /* AppDelegate.m in Sources */,
				10C9590D1C6DAB5500EFAF7A /* main.m in Sources */,
				10C959241C6DAB6900EFAF7A /* AVCoachmarkView.m in Sources */,
			);
			runOnlyForDeploymentPostprocessing = 0;
		};
/* End PBXSourcesBuildPhase section */

/* Begin PBXVariantGroup section */
		10C959141C6DAB5500EFAF7A /* Main.storyboard */ = {
			isa = PBXVariantGroup;
			children = (
				10C959151C6DAB5500EFAF7A /* Base */,
			);
			name = Main.storyboard;
			sourceTree = "<group>";
		};
		10C959191C6DAB5500EFAF7A /* LaunchScreen.storyboard */ = {
			isa = PBXVariantGroup;
			children = (
				10C9591A1C6DAB5500EFAF7A /* Base */,
			);
			name = LaunchScreen.storyboard;
			sourceTree = "<group>";
		};
/* End PBXVariantGroup section */

/* Begin XCBuildConfiguration section */
		10C9591D1C6DAB5500EFAF7A /* Debug */ = {
			isa = XCBuildConfiguration;
			buildSettings = {
				ALWAYS_SEARCH_USER_PATHS = NO;
				CLANG_CXX_LANGUAGE_STANDARD = "gnu++0x";
				CLANG_CXX_LIBRARY = "libc++";
				CLANG_ENABLE_MODULES = YES;
				CLANG_ENABLE_OBJC_ARC = YES;
				CLANG_WARN_BOOL_CONVERSION = YES;
				CLANG_WARN_CONSTANT_CONVERSION = YES;
				CLANG_WARN_DIRECT_OBJC_ISA_USAGE = YES_ERROR;
				CLANG_WARN_EMPTY_BODY = YES;
				CLANG_WARN_ENUM_CONVERSION = YES;
				CLANG_WARN_INT_CONVERSION = YES;
				CLANG_WARN_OBJC_ROOT_CLASS = YES_ERROR;
				CLANG_WARN_UNREACHABLE_CODE = YES;
				CLANG_WARN__DUPLICATE_METHOD_MATCH = YES;
				"CODE_SIGN_IDENTITY[sdk=iphoneos*]" = "iPhone Developer";
				COPY_PHASE_STRIP = NO;
				DEBUG_INFORMATION_FORMAT = dwarf;
				ENABLE_STRICT_OBJC_MSGSEND = YES;
				ENABLE_TESTABILITY = YES;
				GCC_C_LANGUAGE_STANDARD = gnu99;
				GCC_DYNAMIC_NO_PIC = NO;
				GCC_NO_COMMON_BLOCKS = YES;
				GCC_OPTIMIZATION_LEVEL = 0;
				GCC_PREPROCESSOR_DEFINITIONS = (
					"DEBUG=1",
					"$(inherited)",
				);
				GCC_WARN_64_TO_32_BIT_CONVERSION = YES;
				GCC_WARN_ABOUT_RETURN_TYPE = YES_ERROR;
				GCC_WARN_UNDECLARED_SELECTOR = YES;
				GCC_WARN_UNINITIALIZED_AUTOS = YES_AGGRESSIVE;
				GCC_WARN_UNUSED_FUNCTION = YES;
				GCC_WARN_UNUSED_VARIABLE = YES;
				IPHONEOS_DEPLOYMENT_TARGET = 9.2;
				MTL_ENABLE_DEBUG_INFO = YES;
				ONLY_ACTIVE_ARCH = YES;
				SDKROOT = iphoneos;
			};
			name = Debug;
		};
		10C9591E1C6DAB5500EFAF7A /* Release */ = {
			isa = XCBuildConfiguration;
			buildSettings = {
				ALWAYS_SEARCH_USER_PATHS = NO;
				CLANG_CXX_LANGUAGE_STANDARD = "gnu++0x";
				CLANG_CXX_LIBRARY = "libc++";
				CLANG_ENABLE_MODULES = YES;
				CLANG_ENABLE_OBJC_ARC = YES;
				CLANG_WARN_BOOL_CONVERSION = YES;
				CLANG_WARN_CONSTANT_CONVERSION = YES;
				CLANG_WARN_DIRECT_OBJC_ISA_USAGE = YES_ERROR;
				CLANG_WARN_EMPTY_BODY = YES;
				CLANG_WARN_ENUM_CONVERSION = YES;
				CLANG_WARN_INT_CONVERSION = YES;
				CLANG_WARN_OBJC_ROOT_CLASS = YES_ERROR;
				CLANG_WARN_UNREACHABLE_CODE = YES;
				CLANG_WARN__DUPLICATE_METHOD_MATCH = YES;
				"CODE_SIGN_IDENTITY[sdk=iphoneos*]" = "iPhone Developer";
				COPY_PHASE_STRIP = NO;
				DEBUG_INFORMATION_FORMAT = "dwarf-with-dsym";
				ENABLE_NS_ASSERTIONS = NO;
				ENABLE_STRICT_OBJC_MSGSEND = YES;
				GCC_C_LANGUAGE_STANDARD = gnu99;
				GCC_NO_COMMON_BLOCKS = YES;
				GCC_WARN_64_TO_32_BIT_CONVERSION = YES;
				GCC_WARN_ABOUT_RETURN_TYPE = YES_ERROR;
				GCC_WARN_UNDECLARED_SELECTOR = YES;
				GCC_WARN_UNINITIALIZED_AUTOS = YES_AGGRESSIVE;
				GCC_WARN_UNUSED_FUNCTION = YES;
				GCC_WARN_UNUSED_VARIABLE = YES;
				IPHONEOS_DEPLOYMENT_TARGET = 9.2;
				MTL_ENABLE_DEBUG_INFO = NO;
				SDKROOT = iphoneos;
				VALIDATE_PRODUCT = YES;
			};
			name = Release;
		};
		10C959201C6DAB5500EFAF7A /* Debug */ = {
			isa = XCBuildConfiguration;
			buildSettings = {
				ASSETCATALOG_COMPILER_APPICON_NAME = AppIcon;
				INFOPLIST_FILE = CoachMarkDemo/Info.plist;
				IPHONEOS_DEPLOYMENT_TARGET = 8.0;
				LD_RUNPATH_SEARCH_PATHS = "$(inherited) @executable_path/Frameworks";
				PRODUCT_BUNDLE_IDENTIFIER = com.arpit.CoachMarkDemo;
				PRODUCT_NAME = "$(TARGET_NAME)";
			};
			name = Debug;
		};
		10C959211C6DAB5500EFAF7A /* Release */ = {
			isa = XCBuildConfiguration;
			buildSettings = {
				ASSETCATALOG_COMPILER_APPICON_NAME = AppIcon;
				INFOPLIST_FILE = CoachMarkDemo/Info.plist;
				IPHONEOS_DEPLOYMENT_TARGET = 8.0;
				LD_RUNPATH_SEARCH_PATHS = "$(inherited) @executable_path/Frameworks";
				PRODUCT_BUNDLE_IDENTIFIER = com.arpit.CoachMarkDemo;
				PRODUCT_NAME = "$(TARGET_NAME)";
			};
			name = Release;
		};
/* End XCBuildConfiguration section */

/* Begin XCConfigurationList section */
		10C959031C6DAB5400EFAF7A /* Build configuration list for PBXProject "CoachMarkDemo" */ = {
			isa = XCConfigurationList;
			buildConfigurations = (
				10C9591D1C6DAB5500EFAF7A /* Debug */,
				10C9591E1C6DAB5500EFAF7A /* Release */,
			);
			defaultConfigurationIsVisible = 0;
			defaultConfigurationName = Release;
		};
		10C9591F1C6DAB5500EFAF7A /* Build configuration list for PBXNativeTarget "CoachMarkDemo" */ = {
			isa = XCConfigurationList;
			buildConfigurations = (
				10C959201C6DAB5500EFAF7A /* Debug */,
				10C959211C6DAB5500EFAF7A /* Release */,
			);
			defaultConfigurationIsVisible = 0;
			defaultConfigurationName = Release;
		};
/* End XCConfigurationList section */
	};
	rootObject = 10C959001C6DAB5400EFAF7A /* Project object */;
}
